// !$*UTF8*$!
{
	archiveVersion = 1;
	classes = {
	};
	objectVersion = 56;
	objects = {

/* Begin PBXBuildFile section */
		312BBBD62A86146700289576 /* FSRSApp.swift in Sources */ = {isa = PBXBuildFile; fileRef = 312BBBD52A86146700289576 /* FSRSApp.swift */; };
		312BBBD82A86146700289576 /* ContentView.swift in Sources */ = {isa = PBXBuildFile; fileRef = 312BBBD72A86146700289576 /* ContentView.swift */; };
		312BBBDA2A86146700289576 /* Assets.xcassets in Resources */ = {isa = PBXBuildFile; fileRef = 312BBBD92A86146700289576 /* Assets.xcassets */; };
		312BBBDE2A86146700289576 /* Preview Assets.xcassets in Resources */ = {isa = PBXBuildFile; fileRef = 312BBBDD2A86146700289576 /* Preview Assets.xcassets */; };
		312BBBE82A86146800289576 /* FSRSTests.swift in Sources */ = {isa = PBXBuildFile; fileRef = 312BBBE72A86146800289576 /* FSRSTests.swift */; };
		312BBBF22A86146800289576 /* FSRSUITests.swift in Sources */ = {isa = PBXBuildFile; fileRef = 312BBBF12A86146800289576 /* FSRSUITests.swift */; };
		312BBBF42A86146800289576 /* FSRSUITestsLaunchTests.swift in Sources */ = {isa = PBXBuildFile; fileRef = 312BBBF32A86146800289576 /* FSRSUITestsLaunchTests.swift */; };
		312BBC012A86148000289576 /* FSRS.swift in Sources */ = {isa = PBXBuildFile; fileRef = 312BBC002A86148000289576 /* FSRS.swift */; };
/* End PBXBuildFile section */

/* Begin PBXContainerItemProxy section */
		312BBBE42A86146800289576 /* PBXContainerItemProxy */ = {
			isa = PBXContainerItemProxy;
			containerPortal = 312BBBCA2A86146700289576 /* Project object */;
			proxyType = 1;
			remoteGlobalIDString = 312BBBD12A86146700289576;
			remoteInfo = FSRS;
		};
		312BBBEE2A86146800289576 /* PBXContainerItemProxy */ = {
			isa = PBXContainerItemProxy;
			containerPortal = 312BBBCA2A86146700289576 /* Project object */;
			proxyType = 1;
			remoteGlobalIDString = 312BBBD12A86146700289576;
			remoteInfo = FSRS;
		};
/* End PBXContainerItemProxy section */

/* Begin PBXFileReference section */
		312BBBD22A86146700289576 /* FSRS.app */ = {isa = PBXFileReference; explicitFileType = wrapper.application; includeInIndex = 0; path = FSRS.app; sourceTree = BUILT_PRODUCTS_DIR; };
		312BBBD52A86146700289576 /* FSRSApp.swift */ = {isa = PBXFileReference; lastKnownFileType = sourcecode.swift; path = FSRSApp.swift; sourceTree = "<group>"; };
		312BBBD72A86146700289576 /* ContentView.swift */ = {isa = PBXFileReference; lastKnownFileType = sourcecode.swift; path = ContentView.swift; sourceTree = "<group>"; };
		312BBBD92A86146700289576 /* Assets.xcassets */ = {isa = PBXFileReference; lastKnownFileType = folder.assetcatalog; path = Assets.xcassets; sourceTree = "<group>"; };
		312BBBDB2A86146700289576 /* FSRS.entitlements */ = {isa = PBXFileReference; lastKnownFileType = text.plist.entitlements; path = FSRS.entitlements; sourceTree = "<group>"; };
		312BBBDD2A86146700289576 /* Preview Assets.xcassets */ = {isa = PBXFileReference; lastKnownFileType = folder.assetcatalog; path = "Preview Assets.xcassets"; sourceTree = "<group>"; };
		312BBBE32A86146800289576 /* FSRSTests.xctest */ = {isa = PBXFileReference; explicitFileType = wrapper.cfbundle; includeInIndex = 0; path = FSRSTests.xctest; sourceTree = BUILT_PRODUCTS_DIR; };
		312BBBE72A86146800289576 /* FSRSTests.swift */ = {isa = PBXFileReference; lastKnownFileType = sourcecode.swift; path = FSRSTests.swift; sourceTree = "<group>"; };
		312BBBED2A86146800289576 /* FSRSUITests.xctest */ = {isa = PBXFileReference; explicitFileType = wrapper.cfbundle; includeInIndex = 0; path = FSRSUITests.xctest; sourceTree = BUILT_PRODUCTS_DIR; };
		312BBBF12A86146800289576 /* FSRSUITests.swift */ = {isa = PBXFileReference; lastKnownFileType = sourcecode.swift; path = FSRSUITests.swift; sourceTree = "<group>"; };
		312BBBF32A86146800289576 /* FSRSUITestsLaunchTests.swift */ = {isa = PBXFileReference; lastKnownFileType = sourcecode.swift; path = FSRSUITestsLaunchTests.swift; sourceTree = "<group>"; };
		312BBC002A86148000289576 /* FSRS.swift */ = {isa = PBXFileReference; lastKnownFileType = sourcecode.swift; path = FSRS.swift; sourceTree = "<group>"; };
/* End PBXFileReference section */

/* Begin PBXFrameworksBuildPhase section */
		312BBBCF2A86146700289576 /* Frameworks */ = {
			isa = PBXFrameworksBuildPhase;
			buildActionMask = 2147483647;
			files = (
			);
			runOnlyForDeploymentPostprocessing = 0;
		};
		312BBBE02A86146800289576 /* Frameworks */ = {
			isa = PBXFrameworksBuildPhase;
			buildActionMask = 2147483647;
			files = (
			);
			runOnlyForDeploymentPostprocessing = 0;
		};
		312BBBEA2A86146800289576 /* Frameworks */ = {
			isa = PBXFrameworksBuildPhase;
			buildActionMask = 2147483647;
			files = (
			);
			runOnlyForDeploymentPostprocessing = 0;
		};
/* End PBXFrameworksBuildPhase section */

/* Begin PBXGroup section */
		312BBBC92A86146700289576 = {
			isa = PBXGroup;
			children = (
				312BBBD42A86146700289576 /* FSRS */,
				312BBBE62A86146800289576 /* FSRSTests */,
				312BBBF02A86146800289576 /* FSRSUITests */,
				312BBBD32A86146700289576 /* Products */,
			);
			sourceTree = "<group>";
		};
		312BBBD32A86146700289576 /* Products */ = {
			isa = PBXGroup;
			children = (
				312BBBD22A86146700289576 /* FSRS.app */,
				312BBBE32A86146800289576 /* FSRSTests.xctest */,
				312BBBED2A86146800289576 /* FSRSUITests.xctest */,
			);
			name = Products;
			sourceTree = "<group>";
		};
		312BBBD42A86146700289576 /* FSRS */ = {
			isa = PBXGroup;
			children = (
				312BBC002A86148000289576 /* FSRS.swift */,
				312BBBD52A86146700289576 /* FSRSApp.swift */,
				312BBBD72A86146700289576 /* ContentView.swift */,
				312BBBD92A86146700289576 /* Assets.xcassets */,
				312BBBDB2A86146700289576 /* FSRS.entitlements */,
				312BBBDC2A86146700289576 /* Preview Content */,
			);
			path = FSRS;
			sourceTree = "<group>";
		};
		312BBBDC2A86146700289576 /* Preview Content */ = {
			isa = PBXGroup;
			children = (
				312BBBDD2A86146700289576 /* Preview Assets.xcassets */,
			);
			path = "Preview Content";
			sourceTree = "<group>";
		};
		312BBBE62A86146800289576 /* FSRSTests */ = {
			isa = PBXGroup;
			children = (
				312BBBE72A86146800289576 /* FSRSTests.swift */,
			);
			path = FSRSTests;
			sourceTree = "<group>";
		};
		312BBBF02A86146800289576 /* FSRSUITests */ = {
			isa = PBXGroup;
			children = (
				312BBBF12A86146800289576 /* FSRSUITests.swift */,
				312BBBF32A86146800289576 /* FSRSUITestsLaunchTests.swift */,
			);
			path = FSRSUITests;
			sourceTree = "<group>";
		};
/* End PBXGroup section */

/* Begin PBXNativeTarget section */
		312BBBD12A86146700289576 /* FSRS */ = {
			isa = PBXNativeTarget;
			buildConfigurationList = 312BBBF72A86146800289576 /* Build configuration list for PBXNativeTarget "FSRS" */;
			buildPhases = (
				312BBBCE2A86146700289576 /* Sources */,
				312BBBCF2A86146700289576 /* Frameworks */,
				312BBBD02A86146700289576 /* Resources */,
			);
			buildRules = (
			);
			dependencies = (
			);
			name = FSRS;
			productName = FSRS;
			productReference = 312BBBD22A86146700289576 /* FSRS.app */;
			productType = "com.apple.product-type.application";
		};
		312BBBE22A86146800289576 /* FSRSTests */ = {
			isa = PBXNativeTarget;
			buildConfigurationList = 312BBBFA2A86146800289576 /* Build configuration list for PBXNativeTarget "FSRSTests" */;
			buildPhases = (
				312BBBDF2A86146800289576 /* Sources */,
				312BBBE02A86146800289576 /* Frameworks */,
				312BBBE12A86146800289576 /* Resources */,
			);
			buildRules = (
			);
			dependencies = (
				312BBBE52A86146800289576 /* PBXTargetDependency */,
			);
			name = FSRSTests;
			productName = FSRSTests;
			productReference = 312BBBE32A86146800289576 /* FSRSTests.xctest */;
			productType = "com.apple.product-type.bundle.unit-test";
		};
		312BBBEC2A86146800289576 /* FSRSUITests */ = {
			isa = PBXNativeTarget;
			buildConfigurationList = 312BBBFD2A86146800289576 /* Build configuration list for PBXNativeTarget "FSRSUITests" */;
			buildPhases = (
				312BBBE92A86146800289576 /* Sources */,
				312BBBEA2A86146800289576 /* Frameworks */,
				312BBBEB2A86146800289576 /* Resources */,
			);
			buildRules = (
			);
			dependencies = (
				312BBBEF2A86146800289576 /* PBXTargetDependency */,
			);
			name = FSRSUITests;
			productName = FSRSUITests;
			productReference = 312BBBED2A86146800289576 /* FSRSUITests.xctest */;
			productType = "com.apple.product-type.bundle.ui-testing";
		};
/* End PBXNativeTarget section */

/* Begin PBXProject section */
		312BBBCA2A86146700289576 /* Project object */ = {
			isa = PBXProject;
			attributes = {
				BuildIndependentTargetsInParallel = 1;
				LastSwiftUpdateCheck = 1430;
				LastUpgradeCheck = 1430;
				TargetAttributes = {
					312BBBD12A86146700289576 = {
						CreatedOnToolsVersion = 14.3;
					};
					312BBBE22A86146800289576 = {
						CreatedOnToolsVersion = 14.3;
						TestTargetID = 312BBBD12A86146700289576;
					};
					312BBBEC2A86146800289576 = {
						CreatedOnToolsVersion = 14.3;
						TestTargetID = 312BBBD12A86146700289576;
					};
				};
			};
			buildConfigurationList = 312BBBCD2A86146700289576 /* Build configuration list for PBXProject "FSRS" */;
			compatibilityVersion = "Xcode 14.0";
			developmentRegion = en;
			hasScannedForEncodings = 0;
			knownRegions = (
				en,
				Base,
			);
			mainGroup = 312BBBC92A86146700289576;
			productRefGroup = 312BBBD32A86146700289576 /* Products */;
			projectDirPath = "";
			projectRoot = "";
			targets = (
				312BBBD12A86146700289576 /* FSRS */,
				312BBBE22A86146800289576 /* FSRSTests */,
				312BBBEC2A86146800289576 /* FSRSUITests */,
			);
		};
/* End PBXProject section */

/* Begin PBXResourcesBuildPhase section */
		312BBBD02A86146700289576 /* Resources */ = {
			isa = PBXResourcesBuildPhase;
			buildActionMask = 2147483647;
			files = (
				312BBBDE2A86146700289576 /* Preview Assets.xcassets in Resources */,
				312BBBDA2A86146700289576 /* Assets.xcassets in Resources */,
			);
			runOnlyForDeploymentPostprocessing = 0;
		};
		312BBBE12A86146800289576 /* Resources */ = {
			isa = PBXResourcesBuildPhase;
			buildActionMask = 2147483647;
			files = (
			);
			runOnlyForDeploymentPostprocessing = 0;
		};
		312BBBEB2A86146800289576 /* Resources */ = {
			isa = PBXResourcesBuildPhase;
			buildActionMask = 2147483647;
			files = (
			);
			runOnlyForDeploymentPostprocessing = 0;
		};
/* End PBXResourcesBuildPhase section */

/* Begin PBXSourcesBuildPhase section */
		312BBBCE2A86146700289576 /* Sources */ = {
			isa = PBXSourcesBuildPhase;
			buildActionMask = 2147483647;
			files = (
				312BBC012A86148000289576 /* FSRS.swift in Sources */,
				312BBBD82A86146700289576 /* ContentView.swift in Sources */,
				312BBBD62A86146700289576 /* FSRSApp.swift in Sources */,
			);
			runOnlyForDeploymentPostprocessing = 0;
		};
		312BBBDF2A86146800289576 /* Sources */ = {
			isa = PBXSourcesBuildPhase;
			buildActionMask = 2147483647;
			files = (
				312BBBE82A86146800289576 /* FSRSTests.swift in Sources */,
			);
			runOnlyForDeploymentPostprocessing = 0;
		};
		312BBBE92A86146800289576 /* Sources */ = {
			isa = PBXSourcesBuildPhase;
			buildActionMask = 2147483647;
			files = (
				312BBBF42A86146800289576 /* FSRSUITestsLaunchTests.swift in Sources */,
				312BBBF22A86146800289576 /* FSRSUITests.swift in Sources */,
			);
			runOnlyForDeploymentPostprocessing = 0;
		};
/* End PBXSourcesBuildPhase section */

/* Begin PBXTargetDependency section */
		312BBBE52A86146800289576 /* PBXTargetDependency */ = {
			isa = PBXTargetDependency;
			target = 312BBBD12A86146700289576 /* FSRS */;
			targetProxy = 312BBBE42A86146800289576 /* PBXContainerItemProxy */;
		};
		312BBBEF2A86146800289576 /* PBXTargetDependency */ = {
			isa = PBXTargetDependency;
			target = 312BBBD12A86146700289576 /* FSRS */;
			targetProxy = 312BBBEE2A86146800289576 /* PBXContainerItemProxy */;
		};
/* End PBXTargetDependency section */

/* Begin XCBuildConfiguration section */
		312BBBF52A86146800289576 /* Debug */ = {
			isa = XCBuildConfiguration;
			buildSettings = {
				ALWAYS_SEARCH_USER_PATHS = NO;
				CLANG_ANALYZER_NONNULL = YES;
				CLANG_ANALYZER_NUMBER_OBJECT_CONVERSION = YES_AGGRESSIVE;
				CLANG_CXX_LANGUAGE_STANDARD = "gnu++20";
				CLANG_ENABLE_MODULES = YES;
				CLANG_ENABLE_OBJC_ARC = YES;
				CLANG_ENABLE_OBJC_WEAK = YES;
				CLANG_WARN_BLOCK_CAPTURE_AUTORELEASING = YES;
				CLANG_WARN_BOOL_CONVERSION = YES;
				CLANG_WARN_COMMA = YES;
				CLANG_WARN_CONSTANT_CONVERSION = YES;
				CLANG_WARN_DEPRECATED_OBJC_IMPLEMENTATIONS = YES;
				CLANG_WARN_DIRECT_OBJC_ISA_USAGE = YES_ERROR;
				CLANG_WARN_DOCUMENTATION_COMMENTS = YES;
				CLANG_WARN_EMPTY_BODY = YES;
				CLANG_WARN_ENUM_CONVERSION = YES;
				CLANG_WARN_INFINITE_RECURSION = YES;
				CLANG_WARN_INT_CONVERSION = YES;
				CLANG_WARN_NON_LITERAL_NULL_CONVERSION = YES;
				CLANG_WARN_OBJC_IMPLICIT_RETAIN_SELF = YES;
				CLANG_WARN_OBJC_LITERAL_CONVERSION = YES;
				CLANG_WARN_OBJC_ROOT_CLASS = YES_ERROR;
				CLANG_WARN_QUOTED_INCLUDE_IN_FRAMEWORK_HEADER = YES;
				CLANG_WARN_RANGE_LOOP_ANALYSIS = YES;
				CLANG_WARN_STRICT_PROTOTYPES = YES;
				CLANG_WARN_SUSPICIOUS_MOVE = YES;
				CLANG_WARN_UNGUARDED_AVAILABILITY = YES_AGGRESSIVE;
				CLANG_WARN_UNREACHABLE_CODE = YES;
				CLANG_WARN__DUPLICATE_METHOD_MATCH = YES;
				COPY_PHASE_STRIP = NO;
				DEBUG_INFORMATION_FORMAT = dwarf;
				ENABLE_STRICT_OBJC_MSGSEND = YES;
				ENABLE_TESTABILITY = YES;
				GCC_C_LANGUAGE_STANDARD = gnu11;
				GCC_DYNAMIC_NO_PIC = NO;
				GCC_NO_COMMON_BLOCKS = YES;
				GCC_OPTIMIZATION_LEVEL = 0;
				GCC_PREPROCESSOR_DEFINITIONS = (
					"DEBUG=1",
					"$(inherited)",
				);
				GCC_WARN_64_TO_32_BIT_CONVERSION = YES;
				GCC_WARN_ABOUT_RETURN_TYPE = YES_ERROR;
				GCC_WARN_UNDECLARED_SELECTOR = YES;
				GCC_WARN_UNINITIALIZED_AUTOS = YES_AGGRESSIVE;
				GCC_WARN_UNUSED_FUNCTION = YES;
				GCC_WARN_UNUSED_VARIABLE = YES;
				MTL_ENABLE_DEBUG_INFO = INCLUDE_SOURCE;
				MTL_FAST_MATH = YES;
				ONLY_ACTIVE_ARCH = YES;
				SWIFT_ACTIVE_COMPILATION_CONDITIONS = DEBUG;
				SWIFT_OPTIMIZATION_LEVEL = "-Onone";
			};
			name = Debug;
		};
		312BBBF62A86146800289576 /* Release */ = {
			isa = XCBuildConfiguration;
			buildSettings = {
				ALWAYS_SEARCH_USER_PATHS = NO;
				CLANG_ANALYZER_NONNULL = YES;
				CLANG_ANALYZER_NUMBER_OBJECT_CONVERSION = YES_AGGRESSIVE;
				CLANG_CXX_LANGUAGE_STANDARD = "gnu++20";
				CLANG_ENABLE_MODULES = YES;
				CLANG_ENABLE_OBJC_ARC = YES;
				CLANG_ENABLE_OBJC_WEAK = YES;
				CLANG_WARN_BLOCK_CAPTURE_AUTORELEASING = YES;
				CLANG_WARN_BOOL_CONVERSION = YES;
				CLANG_WARN_COMMA = YES;
				CLANG_WARN_CONSTANT_CONVERSION = YES;
				CLANG_WARN_DEPRECATED_OBJC_IMPLEMENTATIONS = YES;
				CLANG_WARN_DIRECT_OBJC_ISA_USAGE = YES_ERROR;
				CLANG_WARN_DOCUMENTATION_COMMENTS = YES;
				CLANG_WARN_EMPTY_BODY = YES;
				CLANG_WARN_ENUM_CONVERSION = YES;
				CLANG_WARN_INFINITE_RECURSION = YES;
				CLANG_WARN_INT_CONVERSION = YES;
				CLANG_WARN_NON_LITERAL_NULL_CONVERSION = YES;
				CLANG_WARN_OBJC_IMPLICIT_RETAIN_SELF = YES;
				CLANG_WARN_OBJC_LITERAL_CONVERSION = YES;
				CLANG_WARN_OBJC_ROOT_CLASS = YES_ERROR;
				CLANG_WARN_QUOTED_INCLUDE_IN_FRAMEWORK_HEADER = YES;
				CLANG_WARN_RANGE_LOOP_ANALYSIS = YES;
				CLANG_WARN_STRICT_PROTOTYPES = YES;
				CLANG_WARN_SUSPICIOUS_MOVE = YES;
				CLANG_WARN_UNGUARDED_AVAILABILITY = YES_AGGRESSIVE;
				CLANG_WARN_UNREACHABLE_CODE = YES;
				CLANG_WARN__DUPLICATE_METHOD_MATCH = YES;
				COPY_PHASE_STRIP = NO;
				DEBUG_INFORMATION_FORMAT = "dwarf-with-dsym";
				ENABLE_NS_ASSERTIONS = NO;
				ENABLE_STRICT_OBJC_MSGSEND = YES;
				GCC_C_LANGUAGE_STANDARD = gnu11;
				GCC_NO_COMMON_BLOCKS = YES;
				GCC_WARN_64_TO_32_BIT_CONVERSION = YES;
				GCC_WARN_ABOUT_RETURN_TYPE = YES_ERROR;
				GCC_WARN_UNDECLARED_SELECTOR = YES;
				GCC_WARN_UNINITIALIZED_AUTOS = YES_AGGRESSIVE;
				GCC_WARN_UNUSED_FUNCTION = YES;
				GCC_WARN_UNUSED_VARIABLE = YES;
				MTL_ENABLE_DEBUG_INFO = NO;
				MTL_FAST_MATH = YES;
				SWIFT_COMPILATION_MODE = wholemodule;
				SWIFT_OPTIMIZATION_LEVEL = "-O";
			};
			name = Release;
		};
		312BBBF82A86146800289576 /* Debug */ = {
			isa = XCBuildConfiguration;
			buildSettings = {
				ASSETCATALOG_COMPILER_APPICON_NAME = AppIcon;
				ASSETCATALOG_COMPILER_GLOBAL_ACCENT_COLOR_NAME = AccentColor;
				CODE_SIGN_ENTITLEMENTS = FSRS/FSRS.entitlements;
				CODE_SIGN_STYLE = Automatic;
				CURRENT_PROJECT_VERSION = 1;
				DEVELOPMENT_ASSET_PATHS = "\"FSRS/Preview Content\"";
				DEVELOPMENT_TEAM = P7RPLLCMTA;
				ENABLE_HARDENED_RUNTIME = YES;
				ENABLE_PREVIEWS = YES;
				GENERATE_INFOPLIST_FILE = YES;
				"INFOPLIST_KEY_UIApplicationSceneManifest_Generation[sdk=iphoneos*]" = YES;
				"INFOPLIST_KEY_UIApplicationSceneManifest_Generation[sdk=iphonesimulator*]" = YES;
				"INFOPLIST_KEY_UIApplicationSupportsIndirectInputEvents[sdk=iphoneos*]" = YES;
				"INFOPLIST_KEY_UIApplicationSupportsIndirectInputEvents[sdk=iphonesimulator*]" = YES;
				"INFOPLIST_KEY_UILaunchScreen_Generation[sdk=iphoneos*]" = YES;
				"INFOPLIST_KEY_UILaunchScreen_Generation[sdk=iphonesimulator*]" = YES;
				"INFOPLIST_KEY_UIStatusBarStyle[sdk=iphoneos*]" = UIStatusBarStyleDefault;
				"INFOPLIST_KEY_UIStatusBarStyle[sdk=iphonesimulator*]" = UIStatusBarStyleDefault;
				INFOPLIST_KEY_UISupportedInterfaceOrientations_iPad = "UIInterfaceOrientationPortrait UIInterfaceOrientationPortraitUpsideDown UIInterfaceOrientationLandscapeLeft UIInterfaceOrientationLandscapeRight";
				INFOPLIST_KEY_UISupportedInterfaceOrientations_iPhone = "UIInterfaceOrientationPortrait UIInterfaceOrientationLandscapeLeft UIInterfaceOrientationLandscapeRight";
				IPHONEOS_DEPLOYMENT_TARGET = 14.0;
				LD_RUNPATH_SEARCH_PATHS = "@executable_path/Frameworks";
				"LD_RUNPATH_SEARCH_PATHS[sdk=macosx*]" = "@executable_path/../Frameworks";
				MACOSX_DEPLOYMENT_TARGET = 13.3;
				MARKETING_VERSION = 1.0;
				PRODUCT_BUNDLE_IDENTIFIER = chat.sdk.FSRS;
				PRODUCT_NAME = "$(TARGET_NAME)";
				SDKROOT = auto;
				SUPPORTED_PLATFORMS = "iphoneos iphonesimulator macosx";
				SWIFT_EMIT_LOC_STRINGS = YES;
				SWIFT_VERSION = 5.0;
				TARGETED_DEVICE_FAMILY = "1,2";
			};
			name = Debug;
		};
		312BBBF92A86146800289576 /* Release */ = {
			isa = XCBuildConfiguration;
			buildSettings = {
				ASSETCATALOG_COMPILER_APPICON_NAME = AppIcon;
				ASSETCATALOG_COMPILER_GLOBAL_ACCENT_COLOR_NAME = AccentColor;
				CODE_SIGN_ENTITLEMENTS = FSRS/FSRS.entitlements;
				CODE_SIGN_STYLE = Automatic;
				CURRENT_PROJECT_VERSION = 1;
				DEVELOPMENT_ASSET_PATHS = "\"FSRS/Preview Content\"";
				DEVELOPMENT_TEAM = P7RPLLCMTA;
				ENABLE_HARDENED_RUNTIME = YES;
				ENABLE_PREVIEWS = YES;
				GENERATE_INFOPLIST_FILE = YES;
				"INFOPLIST_KEY_UIApplicationSceneManifest_Generation[sdk=iphoneos*]" = YES;
				"INFOPLIST_KEY_UIApplicationSceneManifest_Generation[sdk=iphonesimulator*]" = YES;
				"INFOPLIST_KEY_UIApplicationSupportsIndirectInputEvents[sdk=iphoneos*]" = YES;
				"INFOPLIST_KEY_UIApplicationSupportsIndirectInputEvents[sdk=iphonesimulator*]" = YES;
				"INFOPLIST_KEY_UILaunchScreen_Generation[sdk=iphoneos*]" = YES;
				"INFOPLIST_KEY_UILaunchScreen_Generation[sdk=iphonesimulator*]" = YES;
				"INFOPLIST_KEY_UIStatusBarStyle[sdk=iphoneos*]" = UIStatusBarStyleDefault;
				"INFOPLIST_KEY_UIStatusBarStyle[sdk=iphonesimulator*]" = UIStatusBarStyleDefault;
				INFOPLIST_KEY_UISupportedInterfaceOrientations_iPad = "UIInterfaceOrientationPortrait UIInterfaceOrientationPortraitUpsideDown UIInterfaceOrientationLandscapeLeft UIInterfaceOrientationLandscapeRight";
				INFOPLIST_KEY_UISupportedInterfaceOrientations_iPhone = "UIInterfaceOrientationPortrait UIInterfaceOrientationLandscapeLeft UIInterfaceOrientationLandscapeRight";
				IPHONEOS_DEPLOYMENT_TARGET = 14.0;
				LD_RUNPATH_SEARCH_PATHS = "@executable_path/Frameworks";
				"LD_RUNPATH_SEARCH_PATHS[sdk=macosx*]" = "@executable_path/../Frameworks";
				MACOSX_DEPLOYMENT_TARGET = 13.3;
				MARKETING_VERSION = 1.0;
				PRODUCT_BUNDLE_IDENTIFIER = chat.sdk.FSRS;
				PRODUCT_NAME = "$(TARGET_NAME)";
				SDKROOT = auto;
				SUPPORTED_PLATFORMS = "iphoneos iphonesimulator macosx";
				SWIFT_EMIT_LOC_STRINGS = YES;
				SWIFT_VERSION = 5.0;
				TARGETED_DEVICE_FAMILY = "1,2";
			};
			name = Release;
		};
		312BBBFB2A86146800289576 /* Debug */ = {
			isa = XCBuildConfiguration;
			buildSettings = {
				ALWAYS_EMBED_SWIFT_STANDARD_LIBRARIES = YES;
				BUNDLE_LOADER = "$(TEST_HOST)";
				CODE_SIGN_STYLE = Automatic;
				CURRENT_PROJECT_VERSION = 1;
				DEVELOPMENT_TEAM = P7RPLLCMTA;
				GENERATE_INFOPLIST_FILE = YES;
				IPHONEOS_DEPLOYMENT_TARGET = 14.0;
				MACOSX_DEPLOYMENT_TARGET = 13.3;
				MARKETING_VERSION = 1.0;
				PRODUCT_BUNDLE_IDENTIFIER = chat.sdk.FSRSTests;
				PRODUCT_NAME = "$(TARGET_NAME)";
				SDKROOT = auto;
				SUPPORTED_PLATFORMS = "iphoneos iphonesimulator macosx";
				SWIFT_EMIT_LOC_STRINGS = NO;
				SWIFT_VERSION = 5.0;
				TARGETED_DEVICE_FAMILY = "1,2";
				TEST_HOST = "$(BUILT_PRODUCTS_DIR)/FSRS.app/$(BUNDLE_EXECUTABLE_FOLDER_PATH)/FSRS";
			};
			name = Debug;
		};
		312BBBFC2A86146800289576 /* Release */ = {
			isa = XCBuildConfiguration;
			buildSettings = {
				ALWAYS_EMBED_SWIFT_STANDARD_LIBRARIES = YES;
				BUNDLE_LOADER = "$(TEST_HOST)";
				CODE_SIGN_STYLE = Automatic;
				CURRENT_PROJECT_VERSION = 1;
				DEVELOPMENT_TEAM = P7RPLLCMTA;
				GENERATE_INFOPLIST_FILE = YES;
				IPHONEOS_DEPLOYMENT_TARGET = 14.0;
				MACOSX_DEPLOYMENT_TARGET = 13.3;
				MARKETING_VERSION = 1.0;
				PRODUCT_BUNDLE_IDENTIFIER = chat.sdk.FSRSTests;
				PRODUCT_NAME = "$(TARGET_NAME)";
				SDKROOT = auto;
				SUPPORTED_PLATFORMS = "iphoneos iphonesimulator macosx";
				SWIFT_EMIT_LOC_STRINGS = NO;
				SWIFT_VERSION = 5.0;
				TARGETED_DEVICE_FAMILY = "1,2";
				TEST_HOST = "$(BUILT_PRODUCTS_DIR)/FSRS.app/$(BUNDLE_EXECUTABLE_FOLDER_PATH)/FSRS";
			};
			name = Release;
		};
		312BBBFE2A86146800289576 /* Debug */ = {
			isa = XCBuildConfiguration;
			buildSettings = {
				ALWAYS_EMBED_SWIFT_STANDARD_LIBRARIES = YES;
				CODE_SIGN_STYLE = Automatic;
				CURRENT_PROJECT_VERSION = 1;
				DEVELOPMENT_TEAM = P7RPLLCMTA;
				GENERATE_INFOPLIST_FILE = YES;
				IPHONEOS_DEPLOYMENT_TARGET = 16.4;
				MACOSX_DEPLOYMENT_TARGET = 13.3;
				MARKETING_VERSION = 1.0;
				PRODUCT_BUNDLE_IDENTIFIER = chat.sdk.FSRSUITests;
				PRODUCT_NAME = "$(TARGET_NAME)";
				SDKROOT = auto;
				SUPPORTED_PLATFORMS = "iphoneos iphonesimulator macosx";
				SWIFT_EMIT_LOC_STRINGS = NO;
				SWIFT_VERSION = 5.0;
				TARGETED_DEVICE_FAMILY = "1,2";
				TEST_TARGET_NAME = FSRS;
			};
			name = Debug;
		};
		312BBBFF2A86146800289576 /* Release */ = {
			isa = XCBuildConfiguration;
			buildSettings = {
				ALWAYS_EMBED_SWIFT_STANDARD_LIBRARIES = YES;
				CODE_SIGN_STYLE = Automatic;
				CURRENT_PROJECT_VERSION = 1;
				DEVELOPMENT_TEAM = P7RPLLCMTA;
				GENERATE_INFOPLIST_FILE = YES;
				IPHONEOS_DEPLOYMENT_TARGET = 16.4;
				MACOSX_DEPLOYMENT_TARGET = 13.3;
				MARKETING_VERSION = 1.0;
				PRODUCT_BUNDLE_IDENTIFIER = chat.sdk.FSRSUITests;
				PRODUCT_NAME = "$(TARGET_NAME)";
				SDKROOT = auto;
				SUPPORTED_PLATFORMS = "iphoneos iphonesimulator macosx";
				SWIFT_EMIT_LOC_STRINGS = NO;
				SWIFT_VERSION = 5.0;
				TARGETED_DEVICE_FAMILY = "1,2";
				TEST_TARGET_NAME = FSRS;
			};
			name = Release;
		};
/* End XCBuildConfiguration section */

/* Begin XCConfigurationList section */
		312BBBCD2A86146700289576 /* Build configuration list for PBXProject "FSRS" */ = {
			isa = XCConfigurationList;
			buildConfigurations = (
				312BBBF52A86146800289576 /* Debug */,
				312BBBF62A86146800289576 /* Release */,
			);
			defaultConfigurationIsVisible = 0;
			defaultConfigurationName = Release;
		};
		312BBBF72A86146800289576 /* Build configuration list for PBXNativeTarget "FSRS" */ = {
			isa = XCConfigurationList;
			buildConfigurations = (
				312BBBF82A86146800289576 /* Debug */,
				312BBBF92A86146800289576 /* Release */,
			);
			defaultConfigurationIsVisible = 0;
			defaultConfigurationName = Release;
		};
		312BBBFA2A86146800289576 /* Build configuration list for PBXNativeTarget "FSRSTests" */ = {
			isa = XCConfigurationList;
			buildConfigurations = (
				312BBBFB2A86146800289576 /* Debug */,
				312BBBFC2A86146800289576 /* Release */,
			);
			defaultConfigurationIsVisible = 0;
			defaultConfigurationName = Release;
		};
		312BBBFD2A86146800289576 /* Build configuration list for PBXNativeTarget "FSRSUITests" */ = {
			isa = XCConfigurationList;
			buildConfigurations = (
				312BBBFE2A86146800289576 /* Debug */,
				312BBBFF2A86146800289576 /* Release */,
			);
			defaultConfigurationIsVisible = 0;
			defaultConfigurationName = Release;
		};
/* End XCConfigurationList section */
	};
	rootObject = 312BBBCA2A86146700289576 /* Project object */;
}
